// !$*UTF8*$!
{
	archiveVersion = 1;
	classes = {
	};
	objectVersion = 56;
	objects = {

/* Begin PBXBuildFile section */
		3D4B01BD2B0EF3C600B765CC /* AppDelegate.swift in Sources */ = {isa = PBXBuildFile; fileRef = 3D4B01BC2B0EF3C600B765CC /* AppDelegate.swift */; };
		3D4B01BF2B0EF3C600B765CC /* SceneDelegate.swift in Sources */ = {isa = PBXBuildFile; fileRef = 3D4B01BE2B0EF3C600B765CC /* SceneDelegate.swift */; };
		3D4B01C42B0EF3C600B765CC /* Main.storyboard in Resources */ = {isa = PBXBuildFile; fileRef = 3D4B01C22B0EF3C600B765CC /* Main.storyboard */; };
		3D4B01C72B0EF3C600B765CC /* UIKitDemoApp.xcdatamodeld in Sources */ = {isa = PBXBuildFile; fileRef = 3D4B01C52B0EF3C600B765CC /* UIKitDemoApp.xcdatamodeld */; };
		3D4B01C92B0EF3C700B765CC /* Assets.xcassets in Resources */ = {isa = PBXBuildFile; fileRef = 3D4B01C82B0EF3C700B765CC /* Assets.xcassets */; };
		3D4B01CC2B0EF3C700B765CC /* LaunchScreen.storyboard in Resources */ = {isa = PBXBuildFile; fileRef = 3D4B01CA2B0EF3C700B765CC /* LaunchScreen.storyboard */; };
		3D4B01D42B0F055C00B765CC /* MemberTableViewController.swift in Sources */ = {isa = PBXBuildFile; fileRef = 3D4B01D32B0F055C00B765CC /* MemberTableViewController.swift */; };
		3D4B01D62B0F0A5B00B765CC /* MemberTableViewCell.swift in Sources */ = {isa = PBXBuildFile; fileRef = 3D4B01D52B0F0A5B00B765CC /* MemberTableViewCell.swift */; };
		3D4B01D82B0F0D1200B765CC /* DetailViewController.swift in Sources */ = {isa = PBXBuildFile; fileRef = 3D4B01D72B0F0D1200B765CC /* DetailViewController.swift */; };
		3D4B01DA2B0F0F4C00B765CC /* PersistenceController.swift in Sources */ = {isa = PBXBuildFile; fileRef = 3D4B01D92B0F0F4C00B765CC /* PersistenceController.swift */; };
		3D4B01DC2B0F1DB200B765CC /* AddViewController.swift in Sources */ = {isa = PBXBuildFile; fileRef = 3D4B01DB2B0F1DB200B765CC /* AddViewController.swift */; };
/* End PBXBuildFile section */

/* Begin PBXFileReference section */
		3D4B01B92B0EF3C600B765CC /* UIKitDemoApp.app */ = {isa = PBXFileReference; explicitFileType = wrapper.application; includeInIndex = 0; path = UIKitDemoApp.app; sourceTree = BUILT_PRODUCTS_DIR; };
		3D4B01BC2B0EF3C600B765CC /* AppDelegate.swift */ = {isa = PBXFileReference; lastKnownFileType = sourcecode.swift; path = AppDelegate.swift; sourceTree = "<group>"; };
		3D4B01BE2B0EF3C600B765CC /* SceneDelegate.swift */ = {isa = PBXFileReference; lastKnownFileType = sourcecode.swift; path = SceneDelegate.swift; sourceTree = "<group>"; };
		3D4B01C32B0EF3C600B765CC /* Base */ = {isa = PBXFileReference; lastKnownFileType = file.storyboard; name = Base; path = Base.lproj/Main.storyboard; sourceTree = "<group>"; };
		3D4B01C62B0EF3C600B765CC /* UIKitDemoApp.xcdatamodel */ = {isa = PBXFileReference; lastKnownFileType = wrapper.xcdatamodel; path = UIKitDemoApp.xcdatamodel; sourceTree = "<group>"; };
		3D4B01C82B0EF3C700B765CC /* Assets.xcassets */ = {isa = PBXFileReference; lastKnownFileType = folder.assetcatalog; path = Assets.xcassets; sourceTree = "<group>"; };
		3D4B01CB2B0EF3C700B765CC /* Base */ = {isa = PBXFileReference; lastKnownFileType = file.storyboard; name = Base; path = Base.lproj/LaunchScreen.storyboard; sourceTree = "<group>"; };
		3D4B01CD2B0EF3C700B765CC /* Info.plist */ = {isa = PBXFileReference; lastKnownFileType = text.plist.xml; path = Info.plist; sourceTree = "<group>"; };
		3D4B01D32B0F055C00B765CC /* MemberTableViewController.swift */ = {isa = PBXFileReference; lastKnownFileType = sourcecode.swift; path = MemberTableViewController.swift; sourceTree = "<group>"; };
		3D4B01D52B0F0A5B00B765CC /* MemberTableViewCell.swift */ = {isa = PBXFileReference; lastKnownFileType = sourcecode.swift; path = MemberTableViewCell.swift; sourceTree = SOURCE_ROOT; };
		3D4B01D72B0F0D1200B765CC /* DetailViewController.swift */ = {isa = PBXFileReference; lastKnownFileType = sourcecode.swift; path = DetailViewController.swift; sourceTree = "<group>"; };
		3D4B01D92B0F0F4C00B765CC /* PersistenceController.swift */ = {isa = PBXFileReference; lastKnownFileType = sourcecode.swift; path = PersistenceController.swift; sourceTree = "<group>"; };
		3D4B01DB2B0F1DB200B765CC /* AddViewController.swift */ = {isa = PBXFileReference; lastKnownFileType = sourcecode.swift; path = AddViewController.swift; sourceTree = "<group>"; };
/* End PBXFileReference section */

/* Begin PBXFrameworksBuildPhase section */
		3D4B01B62B0EF3C600B765CC /* Frameworks */ = {
			isa = PBXFrameworksBuildPhase;
			buildActionMask = 2147483647;
			files = (
			);
			runOnlyForDeploymentPostprocessing = 0;
		};
/* End PBXFrameworksBuildPhase section */

/* Begin PBXGroup section */
		3D4B01B02B0EF3C600B765CC = {
			isa = PBXGroup;
			children = (
				3D4B01BB2B0EF3C600B765CC /* UIKitDemoApp */,
				3D4B01BA2B0EF3C600B765CC /* Products */,
			);
			sourceTree = "<group>";
		};
		3D4B01BA2B0EF3C600B765CC /* Products */ = {
			isa = PBXGroup;
			children = (
				3D4B01B92B0EF3C600B765CC /* UIKitDemoApp.app */,
			);
			name = Products;
			sourceTree = "<group>";
		};
		3D4B01BB2B0EF3C600B765CC /* UIKitDemoApp */ = {
			isa = PBXGroup;
			children = (
				3D4B01D52B0F0A5B00B765CC /* MemberTableViewCell.swift */,
				3D4B01BC2B0EF3C600B765CC /* AppDelegate.swift */,
				3D4B01BE2B0EF3C600B765CC /* SceneDelegate.swift */,
				3D4B01C22B0EF3C600B765CC /* Main.storyboard */,
				3D4B01C82B0EF3C700B765CC /* Assets.xcassets */,
				3D4B01CA2B0EF3C700B765CC /* LaunchScreen.storyboard */,
				3D4B01CD2B0EF3C700B765CC /* Info.plist */,
				3D4B01C52B0EF3C600B765CC /* UIKitDemoApp.xcdatamodeld */,
				3D4B01D32B0F055C00B765CC /* MemberTableViewController.swift */,
				3D4B01D72B0F0D1200B765CC /* DetailViewController.swift */,
				3D4B01D92B0F0F4C00B765CC /* PersistenceController.swift */,
				3D4B01DB2B0F1DB200B765CC /* AddViewController.swift */,
			);
			path = UIKitDemoApp;
			sourceTree = "<group>";
		};
/* End PBXGroup section */

/* Begin PBXNativeTarget section */
		3D4B01B82B0EF3C600B765CC /* UIKitDemoApp */ = {
			isa = PBXNativeTarget;
			buildConfigurationList = 3D4B01D02B0EF3C700B765CC /* Build configuration list for PBXNativeTarget "UIKitDemoApp" */;
			buildPhases = (
				3D4B01B52B0EF3C600B765CC /* Sources */,
				3D4B01B62B0EF3C600B765CC /* Frameworks */,
				3D4B01B72B0EF3C600B765CC /* Resources */,
			);
			buildRules = (
			);
			dependencies = (
			);
			name = UIKitDemoApp;
			productName = UIKitDemoApp;
			productReference = 3D4B01B92B0EF3C600B765CC /* UIKitDemoApp.app */;
			productType = "com.apple.product-type.application";
		};
/* End PBXNativeTarget section */

/* Begin PBXProject section */
		3D4B01B12B0EF3C600B765CC /* Project object */ = {
			isa = PBXProject;
			attributes = {
				BuildIndependentTargetsInParallel = 1;
				LastSwiftUpdateCheck = 1500;
				LastUpgradeCheck = 1500;
				TargetAttributes = {
					3D4B01B82B0EF3C600B765CC = {
						CreatedOnToolsVersion = 15.0.1;
					};
				};
			};
			buildConfigurationList = 3D4B01B42B0EF3C600B765CC /* Build configuration list for PBXProject "UIKitDemoApp" */;
			compatibilityVersion = "Xcode 14.0";
			developmentRegion = en;
			hasScannedForEncodings = 0;
			knownRegions = (
				en,
				Base,
			);
			mainGroup = 3D4B01B02B0EF3C600B765CC;
			productRefGroup = 3D4B01BA2B0EF3C600B765CC /* Products */;
			projectDirPath = "";
			projectRoot = "";
			targets = (
				3D4B01B82B0EF3C600B765CC /* UIKitDemoApp */,
			);
		};
/* End PBXProject section */

/* Begin PBXResourcesBuildPhase section */
		3D4B01B72B0EF3C600B765CC /* Resources */ = {
			isa = PBXResourcesBuildPhase;
			buildActionMask = 2147483647;
			files = (
				3D4B01CC2B0EF3C700B765CC /* LaunchScreen.storyboard in Resources */,
				3D4B01C92B0EF3C700B765CC /* Assets.xcassets in Resources */,
				3D4B01C42B0EF3C600B765CC /* Main.storyboard in Resources */,
			);
			runOnlyForDeploymentPostprocessing = 0;
		};
/* End PBXResourcesBuildPhase section */

/* Begin PBXSourcesBuildPhase section */
		3D4B01B52B0EF3C600B765CC /* Sources */ = {
			isa = PBXSourcesBuildPhase;
			buildActionMask = 2147483647;
			files = (
				3D4B01D62B0F0A5B00B765CC /* MemberTableViewCell.swift in Sources */,
				3D4B01DA2B0F0F4C00B765CC /* PersistenceController.swift in Sources */,
				3D4B01DC2B0F1DB200B765CC /* AddViewController.swift in Sources */,
				3D4B01C72B0EF3C600B765CC /* UIKitDemoApp.xcdatamodeld in Sources */,
				3D4B01BD2B0EF3C600B765CC /* AppDelegate.swift in Sources */,
				3D4B01D82B0F0D1200B765CC /* DetailViewController.swift in Sources */,
				3D4B01D42B0F055C00B765CC /* MemberTableViewController.swift in Sources */,
				3D4B01BF2B0EF3C600B765CC /* SceneDelegate.swift in Sources */,
			);
			runOnlyForDeploymentPostprocessing = 0;
		};
/* End PBXSourcesBuildPhase section */

/* Begin PBXVariantGroup section */
		3D4B01C22B0EF3C600B765CC /* Main.storyboard */ = {
			isa = PBXVariantGroup;
			children = (
				3D4B01C32B0EF3C600B765CC /* Base */,
			);
			name = Main.storyboard;
			sourceTree = "<group>";
		};
		3D4B01CA2B0EF3C700B765CC /* LaunchScreen.storyboard */ = {
			isa = PBXVariantGroup;
			children = (
				3D4B01CB2B0EF3C700B765CC /* Base */,
			);
			name = LaunchScreen.storyboard;
			sourceTree = "<group>";
		};
/* End PBXVariantGroup section */

/* Begin XCBuildConfiguration section */
		3D4B01CE2B0EF3C700B765CC /* Debug */ = {
			isa = XCBuildConfiguration;
			buildSettings = {
				ALWAYS_SEARCH_USER_PATHS = NO;
				ASSETCATALOG_COMPILER_GENERATE_SWIFT_ASSET_SYMBOL_EXTENSIONS = YES;
				CLANG_ANALYZER_NONNULL = YES;
				CLANG_ANALYZER_NUMBER_OBJECT_CONVERSION = YES_AGGRESSIVE;
				CLANG_CXX_LANGUAGE_STANDARD = "gnu++20";
				CLANG_ENABLE_MODULES = YES;
				CLANG_ENABLE_OBJC_ARC = YES;
				CLANG_ENABLE_OBJC_WEAK = YES;
				CLANG_WARN_BLOCK_CAPTURE_AUTORELEASING = YES;
				CLANG_WARN_BOOL_CONVERSION = YES;
				CLANG_WARN_COMMA = YES;
				CLANG_WARN_CONSTANT_CONVERSION = YES;
				CLANG_WARN_DEPRECATED_OBJC_IMPLEMENTATIONS = YES;
				CLANG_WARN_DIRECT_OBJC_ISA_USAGE = YES_ERROR;
				CLANG_WARN_DOCUMENTATION_COMMENTS = YES;
				CLANG_WARN_EMPTY_BODY = YES;
				CLANG_WARN_ENUM_CONVERSION = YES;
				CLANG_WARN_INFINITE_RECURSION = YES;
				CLANG_WARN_INT_CONVERSION = YES;
				CLANG_WARN_NON_LITERAL_NULL_CONVERSION = YES;
				CLANG_WARN_OBJC_IMPLICIT_RETAIN_SELF = YES;
				CLANG_WARN_OBJC_LITERAL_CONVERSION = YES;
				CLANG_WARN_OBJC_ROOT_CLASS = YES_ERROR;
				CLANG_WARN_QUOTED_INCLUDE_IN_FRAMEWORK_HEADER = YES;
				CLANG_WARN_RANGE_LOOP_ANALYSIS = YES;
				CLANG_WARN_STRICT_PROTOTYPES = YES;
				CLANG_WARN_SUSPICIOUS_MOVE = YES;
				CLANG_WARN_UNGUARDED_AVAILABILITY = YES_AGGRESSIVE;
				CLANG_WARN_UNREACHABLE_CODE = YES;
				CLANG_WARN__DUPLICATE_METHOD_MATCH = YES;
				COPY_PHASE_STRIP = NO;
				DEBUG_INFORMATION_FORMAT = dwarf;
				ENABLE_STRICT_OBJC_MSGSEND = YES;
				ENABLE_TESTABILITY = YES;
				ENABLE_USER_SCRIPT_SANDBOXING = YES;
				GCC_C_LANGUAGE_STANDARD = gnu17;
				GCC_DYNAMIC_NO_PIC = NO;
				GCC_NO_COMMON_BLOCKS = YES;
				GCC_OPTIMIZATION_LEVEL = 0;
				GCC_PREPROCESSOR_DEFINITIONS = (
					"DEBUG=1",
					"$(inherited)",
				);
				GCC_WARN_64_TO_32_BIT_CONVERSION = YES;
				GCC_WARN_ABOUT_RETURN_TYPE = YES_ERROR;
				GCC_WARN_UNDECLARED_SELECTOR = YES;
				GCC_WARN_UNINITIALIZED_AUTOS = YES_AGGRESSIVE;
				GCC_WARN_UNUSED_FUNCTION = YES;
				GCC_WARN_UNUSED_VARIABLE = YES;
				IPHONEOS_DEPLOYMENT_TARGET = 17.0;
				LOCALIZATION_PREFERS_STRING_CATALOGS = YES;
				MTL_ENABLE_DEBUG_INFO = INCLUDE_SOURCE;
				MTL_FAST_MATH = YES;
				ONLY_ACTIVE_ARCH = YES;
				SDKROOT = iphoneos;
				SWIFT_ACTIVE_COMPILATION_CONDITIONS = "DEBUG $(inherited)";
				SWIFT_OPTIMIZATION_LEVEL = "-Onone";
			};
			name = Debug;
		};
		3D4B01CF2B0EF3C700B765CC /* Release */ = {
			isa = XCBuildConfiguration;
			buildSettings = {
				ALWAYS_SEARCH_USER_PATHS = NO;
				ASSETCATALOG_COMPILER_GENERATE_SWIFT_ASSET_SYMBOL_EXTENSIONS = YES;
				CLANG_ANALYZER_NONNULL = YES;
				CLANG_ANALYZER_NUMBER_OBJECT_CONVERSION = YES_AGGRESSIVE;
				CLANG_CXX_LANGUAGE_STANDARD = "gnu++20";
				CLANG_ENABLE_MODULES = YES;
				CLANG_ENABLE_OBJC_ARC = YES;
				CLANG_ENABLE_OBJC_WEAK = YES;
				CLANG_WARN_BLOCK_CAPTURE_AUTORELEASING = YES;
				CLANG_WARN_BOOL_CONVERSION = YES;
				CLANG_WARN_COMMA = YES;
				CLANG_WARN_CONSTANT_CONVERSION = YES;
				CLANG_WARN_DEPRECATED_OBJC_IMPLEMENTATIONS = YES;
				CLANG_WARN_DIRECT_OBJC_ISA_USAGE = YES_ERROR;
				CLANG_WARN_DOCUMENTATION_COMMENTS = YES;
				CLANG_WARN_EMPTY_BODY = YES;
				CLANG_WARN_ENUM_CONVERSION = YES;
				CLANG_WARN_INFINITE_RECURSION = YES;
				CLANG_WARN_INT_CONVERSION = YES;
				CLANG_WARN_NON_LITERAL_NULL_CONVERSION = YES;
				CLANG_WARN_OBJC_IMPLICIT_RETAIN_SELF = YES;
				CLANG_WARN_OBJC_LITERAL_CONVERSION = YES;
				CLANG_WARN_OBJC_ROOT_CLASS = YES_ERROR;
				CLANG_WARN_QUOTED_INCLUDE_IN_FRAMEWORK_HEADER = YES;
				CLANG_WARN_RANGE_LOOP_ANALYSIS = YES;
				CLANG_WARN_STRICT_PROTOTYPES = YES;
				CLANG_WARN_SUSPICIOUS_MOVE = YES;
				CLANG_WARN_UNGUARDED_AVAILABILITY = YES_AGGRESSIVE;
				CLANG_WARN_UNREACHABLE_CODE = YES;
				CLANG_WARN__DUPLICATE_METHOD_MATCH = YES;
				COPY_PHASE_STRIP = NO;
				DEBUG_INFORMATION_FORMAT = "dwarf-with-dsym";
				ENABLE_NS_ASSERTIONS = NO;
				ENABLE_STRICT_OBJC_MSGSEND = YES;
				ENABLE_USER_SCRIPT_SANDBOXING = YES;
				GCC_C_LANGUAGE_STANDARD = gnu17;
				GCC_NO_COMMON_BLOCKS = YES;
				GCC_WARN_64_TO_32_BIT_CONVERSION = YES;
				GCC_WARN_ABOUT_RETURN_TYPE = YES_ERROR;
				GCC_WARN_UNDECLARED_SELECTOR = YES;
				GCC_WARN_UNINITIALIZED_AUTOS = YES_AGGRESSIVE;
				GCC_WARN_UNUSED_FUNCTION = YES;
				GCC_WARN_UNUSED_VARIABLE = YES;
				IPHONEOS_DEPLOYMENT_TARGET = 17.0;
				LOCALIZATION_PREFERS_STRING_CATALOGS = YES;
				MTL_ENABLE_DEBUG_INFO = NO;
				MTL_FAST_MATH = YES;
				SDKROOT = iphoneos;
				SWIFT_COMPILATION_MODE = wholemodule;
				VALIDATE_PRODUCT = YES;
			};
			name = Release;
		};
		3D4B01D12B0EF3C700B765CC /* Debug */ = {
			isa = XCBuildConfiguration;
			buildSettings = {
				ASSETCATALOG_COMPILER_APPICON_NAME = AppIcon;
				ASSETCATALOG_COMPILER_GLOBAL_ACCENT_COLOR_NAME = AccentColor;
				CODE_SIGN_STYLE = Automatic;
				CURRENT_PROJECT_VERSION = 1;
				GENERATE_INFOPLIST_FILE = YES;
				INFOPLIST_FILE = UIKitDemoApp/Info.plist;
				INFOPLIST_KEY_UIApplicationSupportsIndirectInputEvents = YES;
				INFOPLIST_KEY_UILaunchStoryboardName = LaunchScreen;
				INFOPLIST_KEY_UIMainStoryboardFile = Main;
				INFOPLIST_KEY_UISupportedInterfaceOrientations_iPad = "UIInterfaceOrientationPortrait UIInterfaceOrientationPortraitUpsideDown UIInterfaceOrientationLandscapeLeft UIInterfaceOrientationLandscapeRight";
				INFOPLIST_KEY_UISupportedInterfaceOrientations_iPhone = "UIInterfaceOrientationPortrait UIInterfaceOrientationLandscapeLeft UIInterfaceOrientationLandscapeRight";
				LD_RUNPATH_SEARCH_PATHS = (
					"$(inherited)",
					"@executable_path/Frameworks",
				);
				MARKETING_VERSION = 1.0;
				PRODUCT_BUNDLE_IDENTIFIER = com.study.UIKitDemoApp;
				PRODUCT_NAME = "$(TARGET_NAME)";
				SWIFT_EMIT_LOC_STRINGS = YES;
				SWIFT_VERSION = 5.0;
				TARGETED_DEVICE_FAMILY = "1,2";
			};
			name = Debug;
		};
		3D4B01D22B0EF3C700B765CC /* Release */ = {
			isa = XCBuildConfiguration;
			buildSettings = {
				ASSETCATALOG_COMPILER_APPICON_NAME = AppIcon;
				ASSETCATALOG_COMPILER_GLOBAL_ACCENT_COLOR_NAME = AccentColor;
				CODE_SIGN_STYLE = Automatic;
				CURRENT_PROJECT_VERSION = 1;
				GENERATE_INFOPLIST_FILE = YES;
				INFOPLIST_FILE = UIKitDemoApp/Info.plist;
				INFOPLIST_KEY_UIApplicationSupportsIndirectInputEvents = YES;
				INFOPLIST_KEY_UILaunchStoryboardName = LaunchScreen;
				INFOPLIST_KEY_UIMainStoryboardFile = Main;
				INFOPLIST_KEY_UISupportedInterfaceOrientations_iPad = "UIInterfaceOrientationPortrait UIInterfaceOrientationPortraitUpsideDown UIInterfaceOrientationLandscapeLeft UIInterfaceOrientationLandscapeRight";
				INFOPLIST_KEY_UISupportedInterfaceOrientations_iPhone = "UIInterfaceOrientationPortrait UIInterfaceOrientationLandscapeLeft UIInterfaceOrientationLandscapeRight";
				LD_RUNPATH_SEARCH_PATHS = (
					"$(inherited)",
					"@executable_path/Frameworks",
				);
				MARKETING_VERSION = 1.0;
				PRODUCT_BUNDLE_IDENTIFIER = com.study.UIKitDemoApp;
				PRODUCT_NAME = "$(TARGET_NAME)";
				SWIFT_EMIT_LOC_STRINGS = YES;
				SWIFT_VERSION = 5.0;
				TARGETED_DEVICE_FAMILY = "1,2";
			};
			name = Release;
		};
/* End XCBuildConfiguration section */

/* Begin XCConfigurationList section */
		3D4B01B42B0EF3C600B765CC /* Build configuration list for PBXProject "UIKitDemoApp" */ = {
			isa = XCConfigurationList;
			buildConfigurations = (
				3D4B01CE2B0EF3C700B765CC /* Debug */,
				3D4B01CF2B0EF3C700B765CC /* Release */,
			);
			defaultConfigurationIsVisible = 0;
			defaultConfigurationName = Release;
		};
		3D4B01D02B0EF3C700B765CC /* Build configuration list for PBXNativeTarget "UIKitDemoApp" */ = {
			isa = XCConfigurationList;
			buildConfigurations = (
				3D4B01D12B0EF3C700B765CC /* Debug */,
				3D4B01D22B0EF3C700B765CC /* Release */,
			);
			defaultConfigurationIsVisible = 0;
			defaultConfigurationName = Release;
		};
/* End XCConfigurationList section */

/* Begin XCVersionGroup section */
		3D4B01C52B0EF3C600B765CC /* UIKitDemoApp.xcdatamodeld */ = {
			isa = XCVersionGroup;
			children = (
				3D4B01C62B0EF3C600B765CC /* UIKitDemoApp.xcdatamodel */,
			);
			currentVersion = 3D4B01C62B0EF3C600B765CC /* UIKitDemoApp.xcdatamodel */;
			path = UIKitDemoApp.xcdatamodeld;
			sourceTree = "<group>";
			versionGroupType = wrapper.xcdatamodel;
		};
/* End XCVersionGroup section */
	};
	rootObject = 3D4B01B12B0EF3C600B765CC /* Project object */;
}
