// !$*UTF8*$!
{
	archiveVersion = 1;
	classes = {
	};
	objectVersion = 56;
	objects = {

/* Begin PBXBuildFile section */
		3D29F1FA2C22EF4900A4004D /* MVExampleApp.swift in Sources */ = {isa = PBXBuildFile; fileRef = 3D29F1F92C22EF4900A4004D /* MVExampleApp.swift */; };
		3D29F1FC2C22EF4900A4004D /* ContentView.swift in Sources */ = {isa = PBXBuildFile; fileRef = 3D29F1FB2C22EF4900A4004D /* ContentView.swift */; };
		3D29F1FE2C22EF4A00A4004D /* Assets.xcassets in Resources */ = {isa = PBXBuildFile; fileRef = 3D29F1FD2C22EF4A00A4004D /* Assets.xcassets */; };
		3D29F2012C22EF4A00A4004D /* Preview Assets.xcassets in Resources */ = {isa = PBXBuildFile; fileRef = 3D29F2002C22EF4A00A4004D /* Preview Assets.xcassets */; };
		3D29F2092C22EF6B00A4004D /* StoreModel.swift in Sources */ = {isa = PBXBuildFile; fileRef = 3D29F2082C22EF6B00A4004D /* StoreModel.swift */; };
		3D29F20B2C22F03900A4004D /* Product.swift in Sources */ = {isa = PBXBuildFile; fileRef = 3D29F20A2C22F03900A4004D /* Product.swift */; };
		3D29F20E2C22F0BE00A4004D /* Webservice.swift in Sources */ = {isa = PBXBuildFile; fileRef = 3D29F20D2C22F0BE00A4004D /* Webservice.swift */; };
		3D29F2112C22F40F00A4004D /* NumberFormatter+Extension.swift in Sources */ = {isa = PBXBuildFile; fileRef = 3D29F2102C22F40F00A4004D /* NumberFormatter+Extension.swift */; };
/* End PBXBuildFile section */

/* Begin PBXFileReference section */
		3D29F1F62C22EF4900A4004D /* MVExample.app */ = {isa = PBXFileReference; explicitFileType = wrapper.application; includeInIndex = 0; path = MVExample.app; sourceTree = BUILT_PRODUCTS_DIR; };
		3D29F1F92C22EF4900A4004D /* MVExampleApp.swift */ = {isa = PBXFileReference; lastKnownFileType = sourcecode.swift; path = MVExampleApp.swift; sourceTree = "<group>"; };
		3D29F1FB2C22EF4900A4004D /* ContentView.swift */ = {isa = PBXFileReference; lastKnownFileType = sourcecode.swift; path = ContentView.swift; sourceTree = "<group>"; };
		3D29F1FD2C22EF4A00A4004D /* Assets.xcassets */ = {isa = PBXFileReference; lastKnownFileType = folder.assetcatalog; path = Assets.xcassets; sourceTree = "<group>"; };
		3D29F2002C22EF4A00A4004D /* Preview Assets.xcassets */ = {isa = PBXFileReference; lastKnownFileType = folder.assetcatalog; path = "Preview Assets.xcassets"; sourceTree = "<group>"; };
		3D29F2082C22EF6B00A4004D /* StoreModel.swift */ = {isa = PBXFileReference; lastKnownFileType = sourcecode.swift; path = StoreModel.swift; sourceTree = "<group>"; };
		3D29F20A2C22F03900A4004D /* Product.swift */ = {isa = PBXFileReference; lastKnownFileType = sourcecode.swift; path = Product.swift; sourceTree = "<group>"; };
		3D29F20D2C22F0BE00A4004D /* Webservice.swift */ = {isa = PBXFileReference; lastKnownFileType = sourcecode.swift; path = Webservice.swift; sourceTree = "<group>"; };
		3D29F2102C22F40F00A4004D /* NumberFormatter+Extension.swift */ = {isa = PBXFileReference; lastKnownFileType = sourcecode.swift; path = "NumberFormatter+Extension.swift"; sourceTree = "<group>"; };
/* End PBXFileReference section */

/* Begin PBXFrameworksBuildPhase section */
		3D29F1F32C22EF4900A4004D /* Frameworks */ = {
			isa = PBXFrameworksBuildPhase;
			buildActionMask = 2147483647;
			files = (
			);
			runOnlyForDeploymentPostprocessing = 0;
		};
/* End PBXFrameworksBuildPhase section */

/* Begin PBXGroup section */
		3D29F1ED2C22EF4900A4004D = {
			isa = PBXGroup;
			children = (
				3D29F1F82C22EF4900A4004D /* MVExample */,
				3D29F1F72C22EF4900A4004D /* Products */,
			);
			sourceTree = "<group>";
		};
		3D29F1F72C22EF4900A4004D /* Products */ = {
			isa = PBXGroup;
			children = (
				3D29F1F62C22EF4900A4004D /* MVExample.app */,
			);
			name = Products;
			sourceTree = "<group>";
		};
		3D29F1F82C22EF4900A4004D /* MVExample */ = {
			isa = PBXGroup;
			children = (
				3D29F20F2C22F3FA00A4004D /* Extensions */,
				3D29F20C2C22F0B100A4004D /* Services */,
				3D29F2072C22EF5800A4004D /* Models */,
				3D29F1F92C22EF4900A4004D /* MVExampleApp.swift */,
				3D29F1FB2C22EF4900A4004D /* ContentView.swift */,
				3D29F1FD2C22EF4A00A4004D /* Assets.xcassets */,
				3D29F1FF2C22EF4A00A4004D /* Preview Content */,
			);
			path = MVExample;
			sourceTree = "<group>";
		};
		3D29F1FF2C22EF4A00A4004D /* Preview Content */ = {
			isa = PBXGroup;
			children = (
				3D29F2002C22EF4A00A4004D /* Preview Assets.xcassets */,
			);
			path = "Preview Content";
			sourceTree = "<group>";
		};
		3D29F2072C22EF5800A4004D /* Models */ = {
			isa = PBXGroup;
			children = (
				3D29F2082C22EF6B00A4004D /* StoreModel.swift */,
				3D29F20A2C22F03900A4004D /* Product.swift */,
			);
			path = Models;
			sourceTree = "<group>";
		};
		3D29F20C2C22F0B100A4004D /* Services */ = {
			isa = PBXGroup;
			children = (
				3D29F20D2C22F0BE00A4004D /* Webservice.swift */,
			);
			path = Services;
			sourceTree = "<group>";
		};
		3D29F20F2C22F3FA00A4004D /* Extensions */ = {
			isa = PBXGroup;
			children = (
				3D29F2102C22F40F00A4004D /* NumberFormatter+Extension.swift */,
			);
			path = Extensions;
			sourceTree = "<group>";
		};
/* End PBXGroup section */

/* Begin PBXNativeTarget section */
		3D29F1F52C22EF4900A4004D /* MVExample */ = {
			isa = PBXNativeTarget;
			buildConfigurationList = 3D29F2042C22EF4A00A4004D /* Build configuration list for PBXNativeTarget "MVExample" */;
			buildPhases = (
				3D29F1F22C22EF4900A4004D /* Sources */,
				3D29F1F32C22EF4900A4004D /* Frameworks */,
				3D29F1F42C22EF4900A4004D /* Resources */,
			);
			buildRules = (
			);
			dependencies = (
			);
			name = MVExample;
			productName = MVExample;
			productReference = 3D29F1F62C22EF4900A4004D /* MVExample.app */;
			productType = "com.apple.product-type.application";
		};
/* End PBXNativeTarget section */

/* Begin PBXProject section */
		3D29F1EE2C22EF4900A4004D /* Project object */ = {
			isa = PBXProject;
			attributes = {
				BuildIndependentTargetsInParallel = 1;
				LastSwiftUpdateCheck = 1540;
				LastUpgradeCheck = 1540;
				TargetAttributes = {
					3D29F1F52C22EF4900A4004D = {
						CreatedOnToolsVersion = 15.4;
					};
				};
			};
			buildConfigurationList = 3D29F1F12C22EF4900A4004D /* Build configuration list for PBXProject "MVExample" */;
			compatibilityVersion = "Xcode 14.0";
			developmentRegion = en;
			hasScannedForEncodings = 0;
			knownRegions = (
				en,
				Base,
			);
			mainGroup = 3D29F1ED2C22EF4900A4004D;
			productRefGroup = 3D29F1F72C22EF4900A4004D /* Products */;
			projectDirPath = "";
			projectRoot = "";
			targets = (
				3D29F1F52C22EF4900A4004D /* MVExample */,
			);
		};
/* End PBXProject section */

/* Begin PBXResourcesBuildPhase section */
		3D29F1F42C22EF4900A4004D /* Resources */ = {
			isa = PBXResourcesBuildPhase;
			buildActionMask = 2147483647;
			files = (
				3D29F2012C22EF4A00A4004D /* Preview Assets.xcassets in Resources */,
				3D29F1FE2C22EF4A00A4004D /* Assets.xcassets in Resources */,
			);
			runOnlyForDeploymentPostprocessing = 0;
		};
/* End PBXResourcesBuildPhase section */

/* Begin PBXSourcesBuildPhase section */
		3D29F1F22C22EF4900A4004D /* Sources */ = {
			isa = PBXSourcesBuildPhase;
			buildActionMask = 2147483647;
			files = (
				3D29F1FC2C22EF4900A4004D /* ContentView.swift in Sources */,
				3D29F20B2C22F03900A4004D /* Product.swift in Sources */,
				3D29F1FA2C22EF4900A4004D /* MVExampleApp.swift in Sources */,
				3D29F20E2C22F0BE00A4004D /* Webservice.swift in Sources */,
				3D29F2092C22EF6B00A4004D /* StoreModel.swift in Sources */,
				3D29F2112C22F40F00A4004D /* NumberFormatter+Extension.swift in Sources */,
			);
			runOnlyForDeploymentPostprocessing = 0;
		};
/* End PBXSourcesBuildPhase section */

/* Begin XCBuildConfiguration section */
		3D29F2022C22EF4A00A4004D /* Debug */ = {
			isa = XCBuildConfiguration;
			buildSettings = {
				ALWAYS_SEARCH_USER_PATHS = NO;
				ASSETCATALOG_COMPILER_GENERATE_SWIFT_ASSET_SYMBOL_EXTENSIONS = YES;
				CLANG_ANALYZER_NONNULL = YES;
				CLANG_ANALYZER_NUMBER_OBJECT_CONVERSION = YES_AGGRESSIVE;
				CLANG_CXX_LANGUAGE_STANDARD = "gnu++20";
				CLANG_ENABLE_MODULES = YES;
				CLANG_ENABLE_OBJC_ARC = YES;
				CLANG_ENABLE_OBJC_WEAK = YES;
				CLANG_WARN_BLOCK_CAPTURE_AUTORELEASING = YES;
				CLANG_WARN_BOOL_CONVERSION = YES;
				CLANG_WARN_COMMA = YES;
				CLANG_WARN_CONSTANT_CONVERSION = YES;
				CLANG_WARN_DEPRECATED_OBJC_IMPLEMENTATIONS = YES;
				CLANG_WARN_DIRECT_OBJC_ISA_USAGE = YES_ERROR;
				CLANG_WARN_DOCUMENTATION_COMMENTS = YES;
				CLANG_WARN_EMPTY_BODY = YES;
				CLANG_WARN_ENUM_CONVERSION = YES;
				CLANG_WARN_INFINITE_RECURSION = YES;
				CLANG_WARN_INT_CONVERSION = YES;
				CLANG_WARN_NON_LITERAL_NULL_CONVERSION = YES;
				CLANG_WARN_OBJC_IMPLICIT_RETAIN_SELF = YES;
				CLANG_WARN_OBJC_LITERAL_CONVERSION = YES;
				CLANG_WARN_OBJC_ROOT_CLASS = YES_ERROR;
				CLANG_WARN_QUOTED_INCLUDE_IN_FRAMEWORK_HEADER = YES;
				CLANG_WARN_RANGE_LOOP_ANALYSIS = YES;
				CLANG_WARN_STRICT_PROTOTYPES = YES;
				CLANG_WARN_SUSPICIOUS_MOVE = YES;
				CLANG_WARN_UNGUARDED_AVAILABILITY = YES_AGGRESSIVE;
				CLANG_WARN_UNREACHABLE_CODE = YES;
				CLANG_WARN__DUPLICATE_METHOD_MATCH = YES;
				COPY_PHASE_STRIP = NO;
				DEBUG_INFORMATION_FORMAT = dwarf;
				ENABLE_STRICT_OBJC_MSGSEND = YES;
				ENABLE_TESTABILITY = YES;
				ENABLE_USER_SCRIPT_SANDBOXING = YES;
				GCC_C_LANGUAGE_STANDARD = gnu17;
				GCC_DYNAMIC_NO_PIC = NO;
				GCC_NO_COMMON_BLOCKS = YES;
				GCC_OPTIMIZATION_LEVEL = 0;
				GCC_PREPROCESSOR_DEFINITIONS = (
					"DEBUG=1",
					"$(inherited)",
				);
				GCC_WARN_64_TO_32_BIT_CONVERSION = YES;
				GCC_WARN_ABOUT_RETURN_TYPE = YES_ERROR;
				GCC_WARN_UNDECLARED_SELECTOR = YES;
				GCC_WARN_UNINITIALIZED_AUTOS = YES_AGGRESSIVE;
				GCC_WARN_UNUSED_FUNCTION = YES;
				GCC_WARN_UNUSED_VARIABLE = YES;
				IPHONEOS_DEPLOYMENT_TARGET = 17.5;
				LOCALIZATION_PREFERS_STRING_CATALOGS = YES;
				MTL_ENABLE_DEBUG_INFO = INCLUDE_SOURCE;
				MTL_FAST_MATH = YES;
				ONLY_ACTIVE_ARCH = YES;
				SDKROOT = iphoneos;
				SWIFT_ACTIVE_COMPILATION_CONDITIONS = "DEBUG $(inherited)";
				SWIFT_OPTIMIZATION_LEVEL = "-Onone";
			};
			name = Debug;
		};
		3D29F2032C22EF4A00A4004D /* Release */ = {
			isa = XCBuildConfiguration;
			buildSettings = {
				ALWAYS_SEARCH_USER_PATHS = NO;
				ASSETCATALOG_COMPILER_GENERATE_SWIFT_ASSET_SYMBOL_EXTENSIONS = YES;
				CLANG_ANALYZER_NONNULL = YES;
				CLANG_ANALYZER_NUMBER_OBJECT_CONVERSION = YES_AGGRESSIVE;
				CLANG_CXX_LANGUAGE_STANDARD = "gnu++20";
				CLANG_ENABLE_MODULES = YES;
				CLANG_ENABLE_OBJC_ARC = YES;
				CLANG_ENABLE_OBJC_WEAK = YES;
				CLANG_WARN_BLOCK_CAPTURE_AUTORELEASING = YES;
				CLANG_WARN_BOOL_CONVERSION = YES;
				CLANG_WARN_COMMA = YES;
				CLANG_WARN_CONSTANT_CONVERSION = YES;
				CLANG_WARN_DEPRECATED_OBJC_IMPLEMENTATIONS = YES;
				CLANG_WARN_DIRECT_OBJC_ISA_USAGE = YES_ERROR;
				CLANG_WARN_DOCUMENTATION_COMMENTS = YES;
				CLANG_WARN_EMPTY_BODY = YES;
				CLANG_WARN_ENUM_CONVERSION = YES;
				CLANG_WARN_INFINITE_RECURSION = YES;
				CLANG_WARN_INT_CONVERSION = YES;
				CLANG_WARN_NON_LITERAL_NULL_CONVERSION = YES;
				CLANG_WARN_OBJC_IMPLICIT_RETAIN_SELF = YES;
				CLANG_WARN_OBJC_LITERAL_CONVERSION = YES;
				CLANG_WARN_OBJC_ROOT_CLASS = YES_ERROR;
				CLANG_WARN_QUOTED_INCLUDE_IN_FRAMEWORK_HEADER = YES;
				CLANG_WARN_RANGE_LOOP_ANALYSIS = YES;
				CLANG_WARN_STRICT_PROTOTYPES = YES;
				CLANG_WARN_SUSPICIOUS_MOVE = YES;
				CLANG_WARN_UNGUARDED_AVAILABILITY = YES_AGGRESSIVE;
				CLANG_WARN_UNREACHABLE_CODE = YES;
				CLANG_WARN__DUPLICATE_METHOD_MATCH = YES;
				COPY_PHASE_STRIP = NO;
				DEBUG_INFORMATION_FORMAT = "dwarf-with-dsym";
				ENABLE_NS_ASSERTIONS = NO;
				ENABLE_STRICT_OBJC_MSGSEND = YES;
				ENABLE_USER_SCRIPT_SANDBOXING = YES;
				GCC_C_LANGUAGE_STANDARD = gnu17;
				GCC_NO_COMMON_BLOCKS = YES;
				GCC_WARN_64_TO_32_BIT_CONVERSION = YES;
				GCC_WARN_ABOUT_RETURN_TYPE = YES_ERROR;
				GCC_WARN_UNDECLARED_SELECTOR = YES;
				GCC_WARN_UNINITIALIZED_AUTOS = YES_AGGRESSIVE;
				GCC_WARN_UNUSED_FUNCTION = YES;
				GCC_WARN_UNUSED_VARIABLE = YES;
				IPHONEOS_DEPLOYMENT_TARGET = 17.5;
				LOCALIZATION_PREFERS_STRING_CATALOGS = YES;
				MTL_ENABLE_DEBUG_INFO = NO;
				MTL_FAST_MATH = YES;
				SDKROOT = iphoneos;
				SWIFT_COMPILATION_MODE = wholemodule;
				VALIDATE_PRODUCT = YES;
			};
			name = Release;
		};
		3D29F2052C22EF4A00A4004D /* Debug */ = {
			isa = XCBuildConfiguration;
			buildSettings = {
				ASSETCATALOG_COMPILER_APPICON_NAME = AppIcon;
				ASSETCATALOG_COMPILER_GLOBAL_ACCENT_COLOR_NAME = AccentColor;
				CODE_SIGN_STYLE = Automatic;
				CURRENT_PROJECT_VERSION = 1;
				DEVELOPMENT_ASSET_PATHS = "\"MVExample/Preview Content\"";
				DEVELOPMENT_TEAM = 29VYZ4VBYN;
				ENABLE_PREVIEWS = YES;
				GENERATE_INFOPLIST_FILE = YES;
				INFOPLIST_KEY_UIApplicationSceneManifest_Generation = YES;
				INFOPLIST_KEY_UIApplicationSupportsIndirectInputEvents = YES;
				INFOPLIST_KEY_UILaunchScreen_Generation = YES;
				INFOPLIST_KEY_UISupportedInterfaceOrientations_iPad = "UIInterfaceOrientationPortrait UIInterfaceOrientationPortraitUpsideDown UIInterfaceOrientationLandscapeLeft UIInterfaceOrientationLandscapeRight";
				INFOPLIST_KEY_UISupportedInterfaceOrientations_iPhone = "UIInterfaceOrientationPortrait UIInterfaceOrientationLandscapeLeft UIInterfaceOrientationLandscapeRight";
				LD_RUNPATH_SEARCH_PATHS = (
					"$(inherited)",
					"@executable_path/Frameworks",
				);
				MARKETING_VERSION = 1.0;
				PRODUCT_BUNDLE_IDENTIFIER = com.junhyun.MVExample;
				PRODUCT_NAME = "$(TARGET_NAME)";
				SWIFT_EMIT_LOC_STRINGS = YES;
				SWIFT_VERSION = 5.0;
				TARGETED_DEVICE_FAMILY = "1,2";
			};
			name = Debug;
		};
		3D29F2062C22EF4A00A4004D /* Release */ = {
			isa = XCBuildConfiguration;
			buildSettings = {
				ASSETCATALOG_COMPILER_APPICON_NAME = AppIcon;
				ASSETCATALOG_COMPILER_GLOBAL_ACCENT_COLOR_NAME = AccentColor;
				CODE_SIGN_STYLE = Automatic;
				CURRENT_PROJECT_VERSION = 1;
				DEVELOPMENT_ASSET_PATHS = "\"MVExample/Preview Content\"";
				DEVELOPMENT_TEAM = 29VYZ4VBYN;
				ENABLE_PREVIEWS = YES;
				GENERATE_INFOPLIST_FILE = YES;
				INFOPLIST_KEY_UIApplicationSceneManifest_Generation = YES;
				INFOPLIST_KEY_UIApplicationSupportsIndirectInputEvents = YES;
				INFOPLIST_KEY_UILaunchScreen_Generation = YES;
				INFOPLIST_KEY_UISupportedInterfaceOrientations_iPad = "UIInterfaceOrientationPortrait UIInterfaceOrientationPortraitUpsideDown UIInterfaceOrientationLandscapeLeft UIInterfaceOrientationLandscapeRight";
				INFOPLIST_KEY_UISupportedInterfaceOrientations_iPhone = "UIInterfaceOrientationPortrait UIInterfaceOrientationLandscapeLeft UIInterfaceOrientationLandscapeRight";
				LD_RUNPATH_SEARCH_PATHS = (
					"$(inherited)",
					"@executable_path/Frameworks",
				);
				MARKETING_VERSION = 1.0;
				PRODUCT_BUNDLE_IDENTIFIER = com.junhyun.MVExample;
				PRODUCT_NAME = "$(TARGET_NAME)";
				SWIFT_EMIT_LOC_STRINGS = YES;
				SWIFT_VERSION = 5.0;
				TARGETED_DEVICE_FAMILY = "1,2";
			};
			name = Release;
		};
/* End XCBuildConfiguration section */

/* Begin XCConfigurationList section */
		3D29F1F12C22EF4900A4004D /* Build configuration list for PBXProject "MVExample" */ = {
			isa = XCConfigurationList;
			buildConfigurations = (
				3D29F2022C22EF4A00A4004D /* Debug */,
				3D29F2032C22EF4A00A4004D /* Release */,
			);
			defaultConfigurationIsVisible = 0;
			defaultConfigurationName = Release;
		};
		3D29F2042C22EF4A00A4004D /* Build configuration list for PBXNativeTarget "MVExample" */ = {
			isa = XCConfigurationList;
			buildConfigurations = (
				3D29F2052C22EF4A00A4004D /* Debug */,
				3D29F2062C22EF4A00A4004D /* Release */,
			);
			defaultConfigurationIsVisible = 0;
			defaultConfigurationName = Release;
		};
/* End XCConfigurationList section */
	};
	rootObject = 3D29F1EE2C22EF4900A4004D /* Project object */;
}
